
Microsoft Visual Studio Solution File, Format Version 12.00
# Visual Studio Version 16
VisualStudioVersion = 16.0.30225.117
MinimumVisualStudioVersion = 10.0.40219.1
Project("{FAE04EC0-301F-11D3-BF4B-00C04F79EFBC}") = "GUI", "GUI\GUI.csproj", "{EBD4F1B9-A65B-4F9A-B532-62BC699D6645}"
EndProject
Project("{FAE04EC0-301F-11D3-BF4B-00C04F79EFBC}") = "Dal", "Dal\Dal.csproj", "{7D5C619A-5B5A-4E88-B937-B09725D0A7D8}"
EndProject
Project("{FAE04EC0-301F-11D3-BF4B-00C04F79EFBC}") = "BL", "BL\BL.csproj", "{5124020B-EB5E-4A98-AA77-2B8381A1C36D}"
EndProject
Global
	GlobalSection(SolutionConfigurationPlatforms) = preSolution
		Debug|Any CPU = Debug|Any CPU
		Release|Any CPU = Release|Any CPU
	EndGlobalSection
	GlobalSection(ProjectConfigurationPlatforms) = postSolution
		{EBD4F1B9-A65B-4F9A-B532-62BC699D6645}.Debug|Any CPU.ActiveCfg = Debug|Any CPU
		{EBD4F1B9-A65B-4F9A-B532-62BC699D6645}.Debug|Any CPU.Build.0 = Debug|Any CPU
		{EBD4F1B9-A65B-4F9A-B532-62BC699D6645}.Release|Any CPU.ActiveCfg = Release|Any CPU
		{EBD4F1B9-A65B-4F9A-B532-62BC699D6645}.Release|Any CPU.Build.0 = Release|Any CPU
		{7D5C619A-5B5A-4E88-B937-B09725D0A7D8}.Debug|Any CPU.ActiveCfg = Debug|Any CPU
		{7D5C619A-5B5A-4E88-B937-B09725D0A7D8}.Debug|Any CPU.Build.0 = Debug|Any CPU
		{7D5C619A-5B5A-4E88-B937-B09725D0A7D8}.Release|Any CPU.ActiveCfg = Release|Any CPU
		{7D5C619A-5B5A-4E88-B937-B09725D0A7D8}.Release|Any CPU.Build.0 = Release|Any CPU
		{5124020B-EB5E-4A98-AA77-2B8381A1C36D}.Debug|Any CPU.ActiveCfg = Debug|Any CPU
		{5124020B-EB5E-4A98-AA77-2B8381A1C36D}.Debug|Any CPU.Build.0 = Debug|Any CPU
		{5124020B-EB5E-4A98-AA77-2B8381A1C36D}.Release|Any CPU.ActiveCfg = Release|Any CPU
		{5124020B-EB5E-4A98-AA77-2B8381A1C36D}.Release|Any CPU.Build.0 = Release|Any CPU
	EndGlobalSection
	GlobalSection(SolutionProperties) = preSolution
		HideSolutionNode = FALSE
	EndGlobalSection
	GlobalSection(ExtensibilityGlobals) = postSolution
		SolutionGuid = {82A612F2-E23B-4543-B08C-7096067E2421}
	EndGlobalSection
EndGlobal
